
Microsoft Visual Studio Solution File, Format Version 12.00
# Visual Studio Version 16
VisualStudioVersion = 16.0.29519.87
MinimumVisualStudioVersion = 10.0.40219.1
Project("{FAE04EC0-301F-11D3-BF4B-00C04F79EFBC}") = "Задание 1.1", "Задание 1.1\Задание 1.1.csproj", "{77D63ADD-EF16-4C3F-8A49-8BCDCD9785DB}"
EndProject
Project("{FAE04EC0-301F-11D3-BF4B-00C04F79EFBC}") = "Задание 1.2", "Задание 1.2\Задание 1.2.csproj", "{E4B4892B-7FA0-462B-B814-DC741E1F93BC}"
EndProject
Project("{FAE04EC0-301F-11D3-BF4B-00C04F79EFBC}") = "Задание 1.3", "Задание 1.3\Задание 1.3.csproj", "{B1DB71B3-F373-4607-9EC4-F0A8206579FB}"
EndProject
Project("{FAE04EC0-301F-11D3-BF4B-00C04F79EFBC}") = "Задание 2", "Задание 2\Задание 2.csproj", "{1161390D-37E9-49D3-ABBE-8D4B50D2ED92}"
EndProject
Project("{FAE04EC0-301F-11D3-BF4B-00C04F79EFBC}") = "Задание 3.1", "Задание 3.1\Задание 3.1.csproj", "{B16FAF14-6DB8-432B-86B3-228B6BB1B51E}"
EndProject
Global
	GlobalSection(SolutionConfigurationPlatforms) = preSolution
		Debug|Any CPU = Debug|Any CPU
		Release|Any CPU = Release|Any CPU
	EndGlobalSection
	GlobalSection(ProjectConfigurationPlatforms) = postSolution
		{77D63ADD-EF16-4C3F-8A49-8BCDCD9785DB}.Debug|Any CPU.ActiveCfg = Debug|Any CPU
		{77D63ADD-EF16-4C3F-8A49-8BCDCD9785DB}.Debug|Any CPU.Build.0 = Debug|Any CPU
		{77D63ADD-EF16-4C3F-8A49-8BCDCD9785DB}.Release|Any CPU.ActiveCfg = Release|Any CPU
		{77D63ADD-EF16-4C3F-8A49-8BCDCD9785DB}.Release|Any CPU.Build.0 = Release|Any CPU
		{E4B4892B-7FA0-462B-B814-DC741E1F93BC}.Debug|Any CPU.ActiveCfg = Debug|Any CPU
		{E4B4892B-7FA0-462B-B814-DC741E1F93BC}.Debug|Any CPU.Build.0 = Debug|Any CPU
		{E4B4892B-7FA0-462B-B814-DC741E1F93BC}.Release|Any CPU.ActiveCfg = Release|Any CPU
		{E4B4892B-7FA0-462B-B814-DC741E1F93BC}.Release|Any CPU.Build.0 = Release|Any CPU
		{B1DB71B3-F373-4607-9EC4-F0A8206579FB}.Debug|Any CPU.ActiveCfg = Debug|Any CPU
		{B1DB71B3-F373-4607-9EC4-F0A8206579FB}.Debug|Any CPU.Build.0 = Debug|Any CPU
		{B1DB71B3-F373-4607-9EC4-F0A8206579FB}.Release|Any CPU.ActiveCfg = Release|Any CPU
		{B1DB71B3-F373-4607-9EC4-F0A8206579FB}.Release|Any CPU.Build.0 = Release|Any CPU
		{1161390D-37E9-49D3-ABBE-8D4B50D2ED92}.Debug|Any CPU.ActiveCfg = Debug|Any CPU
		{1161390D-37E9-49D3-ABBE-8D4B50D2ED92}.Debug|Any CPU.Build.0 = Debug|Any CPU
		{1161390D-37E9-49D3-ABBE-8D4B50D2ED92}.Release|Any CPU.ActiveCfg = Release|Any CPU
		{1161390D-37E9-49D3-ABBE-8D4B50D2ED92}.Release|Any CPU.Build.0 = Release|Any CPU
		{B16FAF14-6DB8-432B-86B3-228B6BB1B51E}.Debug|Any CPU.ActiveCfg = Debug|Any CPU
		{B16FAF14-6DB8-432B-86B3-228B6BB1B51E}.Debug|Any CPU.Build.0 = Debug|Any CPU
		{B16FAF14-6DB8-432B-86B3-228B6BB1B51E}.Release|Any CPU.ActiveCfg = Release|Any CPU
		{B16FAF14-6DB8-432B-86B3-228B6BB1B51E}.Release|Any CPU.Build.0 = Release|Any CPU
	EndGlobalSection
	GlobalSection(SolutionProperties) = preSolution
		HideSolutionNode = FALSE
	EndGlobalSection
	GlobalSection(ExtensibilityGlobals) = postSolution
		SolutionGuid = {36A4D4EF-B0A4-4249-8F85-82C355E3E827}
	EndGlobalSection
EndGlobal
