
Microsoft Visual Studio Solution File, Format Version 12.00
# Visual Studio Version 16
VisualStudioVersion = 16.0.29519.87
MinimumVisualStudioVersion = 10.0.40219.1
Project("{FAE04EC0-301F-11D3-BF4B-00C04F79EFBC}") = "Задание 1", "Задание 1\Задание 1.csproj", "{372EE628-8698-47A8-A547-CC75B9F61CD1}"
EndProject
Project("{FAE04EC0-301F-11D3-BF4B-00C04F79EFBC}") = "Задание 2", "Задание 2\Задание 2.csproj", "{C5FB1132-6C84-4411-9CC4-A36A63B98363}"
EndProject
Project("{FAE04EC0-301F-11D3-BF4B-00C04F79EFBC}") = "Задание 3", "Задание 3\Задание 3.csproj", "{3826BA29-9081-472C-9D76-7CB72928A7F3}"
EndProject
Project("{FAE04EC0-301F-11D3-BF4B-00C04F79EFBC}") = "Задание 4", "Задание 4\Задание 4.csproj", "{882D4CF5-4847-4C71-AF12-B83C10A535C1}"
EndProject
Project("{FAE04EC0-301F-11D3-BF4B-00C04F79EFBC}") = "Задание 5", "Задание 5\Задание 5.csproj", "{5048D0A3-8209-47F3-A85D-8F971ABCCAF6}"
EndProject
Project("{FAE04EC0-301F-11D3-BF4B-00C04F79EFBC}") = "Задание 7", "Задание 7\Задание 7.csproj", "{2A77D284-8742-4E15-886F-C0F36D43C616}"
EndProject
Global
	GlobalSection(SolutionConfigurationPlatforms) = preSolution
		Debug|Any CPU = Debug|Any CPU
		Release|Any CPU = Release|Any CPU
	EndGlobalSection
	GlobalSection(ProjectConfigurationPlatforms) = postSolution
		{372EE628-8698-47A8-A547-CC75B9F61CD1}.Debug|Any CPU.ActiveCfg = Debug|Any CPU
		{372EE628-8698-47A8-A547-CC75B9F61CD1}.Debug|Any CPU.Build.0 = Debug|Any CPU
		{372EE628-8698-47A8-A547-CC75B9F61CD1}.Release|Any CPU.ActiveCfg = Release|Any CPU
		{372EE628-8698-47A8-A547-CC75B9F61CD1}.Release|Any CPU.Build.0 = Release|Any CPU
		{C5FB1132-6C84-4411-9CC4-A36A63B98363}.Debug|Any CPU.ActiveCfg = Debug|Any CPU
		{C5FB1132-6C84-4411-9CC4-A36A63B98363}.Debug|Any CPU.Build.0 = Debug|Any CPU
		{C5FB1132-6C84-4411-9CC4-A36A63B98363}.Release|Any CPU.ActiveCfg = Release|Any CPU
		{C5FB1132-6C84-4411-9CC4-A36A63B98363}.Release|Any CPU.Build.0 = Release|Any CPU
		{3826BA29-9081-472C-9D76-7CB72928A7F3}.Debug|Any CPU.ActiveCfg = Debug|Any CPU
		{3826BA29-9081-472C-9D76-7CB72928A7F3}.Debug|Any CPU.Build.0 = Debug|Any CPU
		{3826BA29-9081-472C-9D76-7CB72928A7F3}.Release|Any CPU.ActiveCfg = Release|Any CPU
		{3826BA29-9081-472C-9D76-7CB72928A7F3}.Release|Any CPU.Build.0 = Release|Any CPU
		{882D4CF5-4847-4C71-AF12-B83C10A535C1}.Debug|Any CPU.ActiveCfg = Debug|Any CPU
		{882D4CF5-4847-4C71-AF12-B83C10A535C1}.Debug|Any CPU.Build.0 = Debug|Any CPU
		{882D4CF5-4847-4C71-AF12-B83C10A535C1}.Release|Any CPU.ActiveCfg = Release|Any CPU
		{882D4CF5-4847-4C71-AF12-B83C10A535C1}.Release|Any CPU.Build.0 = Release|Any CPU
		{5048D0A3-8209-47F3-A85D-8F971ABCCAF6}.Debug|Any CPU.ActiveCfg = Debug|Any CPU
		{5048D0A3-8209-47F3-A85D-8F971ABCCAF6}.Debug|Any CPU.Build.0 = Debug|Any CPU
		{5048D0A3-8209-47F3-A85D-8F971ABCCAF6}.Release|Any CPU.ActiveCfg = Release|Any CPU
		{5048D0A3-8209-47F3-A85D-8F971ABCCAF6}.Release|Any CPU.Build.0 = Release|Any CPU
		{2A77D284-8742-4E15-886F-C0F36D43C616}.Debug|Any CPU.ActiveCfg = Debug|Any CPU
		{2A77D284-8742-4E15-886F-C0F36D43C616}.Debug|Any CPU.Build.0 = Debug|Any CPU
		{2A77D284-8742-4E15-886F-C0F36D43C616}.Release|Any CPU.ActiveCfg = Release|Any CPU
		{2A77D284-8742-4E15-886F-C0F36D43C616}.Release|Any CPU.Build.0 = Release|Any CPU
	EndGlobalSection
	GlobalSection(SolutionProperties) = preSolution
		HideSolutionNode = FALSE
	EndGlobalSection
	GlobalSection(ExtensibilityGlobals) = postSolution
		SolutionGuid = {96C0EF29-E718-41B0-B6B4-775180672895}
	EndGlobalSection
EndGlobal
